<?xml version="1.0" encoding="UTF-8" standalone="yes" ?>
<CodeBlocks_project_file>
	<FileVersion major="1" minor="6" />
	<Project>
		<Option title="Pluto" />
		<Option pch_mode="0" />
		<Option compiler="gcc" />
		<Build>
			<Target title="Debug">
				<Option output="bin/Debug/Pluto" prefix_auto="1" extension_auto="1" />
				<Option object_output="obj/Debug/" />
				<Option type="1" />
				<Option compiler="gcc" />
				<Option parameters="input.txt" />
				<Compiler>
					<Add option="-g" />
					<Add directory="include" />
				</Compiler>
			</Target>
			<Target title="Release">
				<Option output="bin/Release/Pluto" prefix_auto="1" extension_auto="1" />
				<Option working_dir="../Pluto" />
				<Option object_output="obj/Release/" />
				<Option type="1" />
				<Option compiler="gcc" />
				<Compiler>
					<Add option="-O2" />
					<Add directory="include" />
				</Compiler>
				<Linker>
					<Add option="-s" />
				</Linker>
			</Target>
		</Build>
		<Compiler>
			<Add option="-Wall" />
			<Add option="-fexceptions" />
		</Compiler>
		<Unit filename="include/ElementResponse.h" />
		<Unit filename="include/FEMEngine.h" />
		<Unit filename="include/NodalResponse.h" />
		<Unit filename="include/bConditions.h" />
		<Unit filename="include/element.h" />
		<Unit filename="include/lcombination.h" />
		<Unit filename="include/load.h" />
		<Unit filename="include/material.h" />
		<Unit filename="include/mathlib.h" />
		<Unit filename="include/matrix.h" />
		<Unit filename="include/node.h" />
		<Unit filename="include/plate_girder_design.h" />
		<Unit filename="include/reader.h" />
		<Unit filename="include/section.h" />
		<Unit filename="include/sectionGroup.h" />
		<Unit filename="include/table.h" />
		<Unit filename="include/writer.h" />
		<Unit filename="input.txt" />
		<Unit filename="keyConfig.dat" />
		<Unit filename="main.cpp" />
		<Unit filename="src/ElementResponse.cpp" />
		<Unit filename="src/FEMEngine.cpp" />
		<Unit filename="src/NodalResponse.cpp" />
		<Unit filename="src/matrix.cpp" />
		<Unit filename="src/plate_girder_design.cpp" />
		<Unit filename="src/plate_girder_report.cpp" />
		<Unit filename="src/printer.cpp" />
		<Unit filename="src/reader.cpp" />
		<Unit filename="src/table.cpp" />
		<Unit filename="src/writer.cpp" />
		<Extensions>
			<code_completion />
			<envvars />
			<debugger />
			<lib_finder disable_auto="1" />
		</Extensions>
	</Project>
</CodeBlocks_project_file>
